{
  "name": "proyectojava",
  "version": "1.0.0",
  "lockfileVersion": 2,
  "requires": true,
  "packages": {
    "": {
      "name": "proyectojava",
      "version": "1.0.0",
      "license": "MIT",
      "devDependencies": {
        "http-server": "^14.1.1"
      }
    },
    "node_modules/http-server": {
      "version": "14.1.1",
      "resolved": "https://registry.npmjs.org/http-server/-/http-server-14.1.1.tgz",
      "integrity": "sha512-S0AYGygU0B27qL1hrS+q9BpY57X2tw/e0t16zk8NHgFbhLMQblE6APt8HPoE8maqDMxB7Ry4PPV/3Wtx7s8nzg==",
      "dev": true
    }
  },
  "dependencies": {
    "http-server": {
      "version": "14.1.1",
      "resolved": "https://registry.npmjs.org/http-server/-/http-server-14.1.1.tgz",
      "integrity": "sha512-S0AYGygU0B27qL1hrS+q9BpY57X2tw/e0t16zk8NHgFbhLMQblE6APt8HPoE8maqDMxB7Ry4PPV/3Wtx7s8nzg==",
      "dev": true
    }
  }
}
